
Microsoft Visual Studio Solution File, Format Version 12.00
# Visual Studio Version 16
VisualStudioVersion = 16.0.30523.141
MinimumVisualStudioVersion = 10.0.40219.1
Project("{FAE04EC0-301F-11D3-BF4B-00C04F79EFBC}") = "LabsWebApp2", "LabsWebApp2\LabsWebApp2.csproj", "{D65DCEFF-805A-4DC4-9B47-4684C1BB5303}"
EndProject
Project("{FAE04EC0-301F-11D3-BF4B-00C04F79EFBC}") = "LabsWebApp3", "LabsWebApp3\LabsWebApp3.csproj", "{59F8EE70-5340-43C8-B69D-3FAB94BE5D1C}"
EndProject
Global
	GlobalSection(SolutionConfigurationPlatforms) = preSolution
		Debug|Any CPU = Debug|Any CPU
		Release|Any CPU = Release|Any CPU
	EndGlobalSection
	GlobalSection(ProjectConfigurationPlatforms) = postSolution
		{D65DCEFF-805A-4DC4-9B47-4684C1BB5303}.Debug|Any CPU.ActiveCfg = Debug|Any CPU
		{D65DCEFF-805A-4DC4-9B47-4684C1BB5303}.Debug|Any CPU.Build.0 = Debug|Any CPU
		{D65DCEFF-805A-4DC4-9B47-4684C1BB5303}.Release|Any CPU.ActiveCfg = Release|Any CPU
		{D65DCEFF-805A-4DC4-9B47-4684C1BB5303}.Release|Any CPU.Build.0 = Release|Any CPU
	EndGlobalSection
	GlobalSection(SolutionConfigurationPlatforms) = preSolution
		Debug|Any CPU = Debug|Any CPU
		Release|Any CPU = Release|Any CPU
	EndGlobalSection
	GlobalSection(ProjectConfigurationPlatforms) = postSolution
		{59F8EE70-5340-43C8-B69D-3FAB94BE5D1C}.Debug|Any CPU.ActiveCfg = Debug|Any CPU
		{59F8EE70-5340-43C8-B69D-3FAB94BE5D1C}.Debug|Any CPU.Build.0 = Debug|Any CPU
		{59F8EE70-5340-43C8-B69D-3FAB94BE5D1C}.Release|Any CPU.ActiveCfg = Release|Any CPU
		{59F8EE70-5340-43C8-B69D-3FAB94BE5D1C}.Release|Any CPU.Build.0 = Release|Any CPU
	EndGlobalSection
	GlobalSection(SolutionProperties) = preSolution
		HideSolutionNode = FALSE
	EndGlobalSection
	GlobalSection(ExtensibilityGlobals) = postSolution
		SolutionGuid = {7A53EA67-47E2-460C-B8CE-3F6AEAAF798C}
	EndGlobalSection
EndGlobal
